
Microsoft Visual Studio Solution File, Format Version 12.00
Project("{FAE04EC0-301F-11D3-BF4B-00C04F79EFBC}") = "Pikachu.Consumer.Console", "Pikachu.Consumer.Console\Pikachu.Consumer.Console.csproj", "{C856E9D2-8AD7-40BE-B799-FDE4809ECA13}"
EndProject
Project("{FAE04EC0-301F-11D3-BF4B-00C04F79EFBC}") = "Pikachu", "Pikachu\Pikachu.csproj", "{3D73895F-6CBD-40C3-9AD6-E66B0D3EE87C}"
EndProject
Global
	GlobalSection(SolutionConfigurationPlatforms) = preSolution
		Debug|Any CPU = Debug|Any CPU
		Release|Any CPU = Release|Any CPU
	EndGlobalSection
	GlobalSection(ProjectConfigurationPlatforms) = postSolution
		{C856E9D2-8AD7-40BE-B799-FDE4809ECA13}.Debug|Any CPU.ActiveCfg = Debug|Any CPU
		{C856E9D2-8AD7-40BE-B799-FDE4809ECA13}.Debug|Any CPU.Build.0 = Debug|Any CPU
		{C856E9D2-8AD7-40BE-B799-FDE4809ECA13}.Release|Any CPU.ActiveCfg = Release|Any CPU
		{C856E9D2-8AD7-40BE-B799-FDE4809ECA13}.Release|Any CPU.Build.0 = Release|Any CPU
		{3D73895F-6CBD-40C3-9AD6-E66B0D3EE87C}.Debug|Any CPU.ActiveCfg = Debug|Any CPU
		{3D73895F-6CBD-40C3-9AD6-E66B0D3EE87C}.Debug|Any CPU.Build.0 = Debug|Any CPU
		{3D73895F-6CBD-40C3-9AD6-E66B0D3EE87C}.Release|Any CPU.ActiveCfg = Release|Any CPU
		{3D73895F-6CBD-40C3-9AD6-E66B0D3EE87C}.Release|Any CPU.Build.0 = Release|Any CPU
	EndGlobalSection
EndGlobal
